
Microsoft Visual Studio Solution File, Format Version 12.00
# Visual Studio Version 17
VisualStudioVersion = 17.3.32901.215
MinimumVisualStudioVersion = 10.0.40219.1
Project("{FAE04EC0-301F-11D3-BF4B-00C04F79EFBC}") = "CHEMTECH-API", "CHEMTECH-API\CHEMTECH-API.csproj", "{19DF169C-12D8-4D0C-BCAC-1BC23B4891FC}"
EndProject
Global
	GlobalSection(SolutionConfigurationPlatforms) = preSolution
		Debug|Any CPU = Debug|Any CPU
		Release|Any CPU = Release|Any CPU
	EndGlobalSection
	GlobalSection(ProjectConfigurationPlatforms) = postSolution
		{19DF169C-12D8-4D0C-BCAC-1BC23B4891FC}.Debug|Any CPU.ActiveCfg = Debug|Any CPU
		{19DF169C-12D8-4D0C-BCAC-1BC23B4891FC}.Debug|Any CPU.Build.0 = Debug|Any CPU
		{19DF169C-12D8-4D0C-BCAC-1BC23B4891FC}.Release|Any CPU.ActiveCfg = Release|Any CPU
		{19DF169C-12D8-4D0C-BCAC-1BC23B4891FC}.Release|Any CPU.Build.0 = Release|Any CPU
	EndGlobalSection
	GlobalSection(SolutionProperties) = preSolution
		HideSolutionNode = FALSE
	EndGlobalSection
	GlobalSection(ExtensibilityGlobals) = postSolution
		SolutionGuid = {578F5004-BDD0-4D38-87B7-5D8694A89769}
	EndGlobalSection
EndGlobal
